// !$*UTF8*$!
{
	archiveVersion = 1;
	classes = {
	};
	objectVersion = 48;
	objects = {

/* Begin PBXBuildFile section */
		4B9AFDF82034D43800E07029 /* AppDelegate.swift in Sources */ = {isa = PBXBuildFile; fileRef = 4B9AFDF72034D43800E07029 /* AppDelegate.swift */; };
		4B9AFDFA2034D43800E07029 /* ViewController.swift in Sources */ = {isa = PBXBuildFile; fileRef = 4B9AFDF92034D43800E07029 /* ViewController.swift */; };
		4B9AFDFD2034D43800E07029 /* Main.storyboard in Resources */ = {isa = PBXBuildFile; fileRef = 4B9AFDFB2034D43800E07029 /* Main.storyboard */; };
		4B9AFDFF2034D43800E07029 /* Assets.xcassets in Resources */ = {isa = PBXBuildFile; fileRef = 4B9AFDFE2034D43800E07029 /* Assets.xcassets */; };
		4B9AFE022034D43800E07029 /* LaunchScreen.storyboard in Resources */ = {isa = PBXBuildFile; fileRef = 4B9AFE002034D43800E07029 /* LaunchScreen.storyboard */; };
		4B9AFE0D2034D43800E07029 /* TestAppTests.swift in Sources */ = {isa = PBXBuildFile; fileRef = 4B9AFE0C2034D43800E07029 /* TestAppTests.swift */; };
		4B9AFE182034D43800E07029 /* TestAppUITests.swift in Sources */ = {isa = PBXBuildFile; fileRef = 4B9AFE172034D43800E07029 /* TestAppUITests.swift */; };
		4B9AFE262034D48000E07029 /* Network.swift in Sources */ = {isa = PBXBuildFile; fileRef = 4B9AFE252034D48000E07029 /* Network.swift */; };
		4B9AFE282034D71F00E07029 /* Alamofire.framework in Frameworks */ = {isa = PBXBuildFile; fileRef = 4B9AFE272034D71F00E07029 /* Alamofire.framework */; };
		4B9AFE292034D71F00E07029 /* Alamofire.framework in Embed Frameworks */ = {isa = PBXBuildFile; fileRef = 4B9AFE272034D71F00E07029 /* Alamofire.framework */; settings = {ATTRIBUTES = (CodeSignOnCopy, RemoveHeadersOnCopy, ); }; };
		4B9AFE2C2034D95100E07029 /* User.swift in Sources */ = {isa = PBXBuildFile; fileRef = 4B9AFE2B2034D95100E07029 /* User.swift */; };
		4B9AFE2E2034DBB700E07029 /* UserTarget.swift in Sources */ = {isa = PBXBuildFile; fileRef = 4B9AFE2D2034DBB700E07029 /* UserTarget.swift */; };
		4B9AFE302034DE4300E07029 /* Target.swift in Sources */ = {isa = PBXBuildFile; fileRef = 4B9AFE2F2034DE4300E07029 /* Target.swift */; };
		4B9AFE362034DEC200E07029 /* SwiftyJSON.framework in Frameworks */ = {isa = PBXBuildFile; fileRef = 4B9AFE352034DEC200E07029 /* SwiftyJSON.framework */; };
		4B9AFE372034DEC200E07029 /* SwiftyJSON.framework in Embed Frameworks */ = {isa = PBXBuildFile; fileRef = 4B9AFE352034DEC200E07029 /* SwiftyJSON.framework */; settings = {ATTRIBUTES = (CodeSignOnCopy, RemoveHeadersOnCopy, ); }; };
/* End PBXBuildFile section */

/* Begin PBXContainerItemProxy section */
		4B9AFE092034D43800E07029 /* PBXContainerItemProxy */ = {
			isa = PBXContainerItemProxy;
			containerPortal = 4B9AFDEC2034D43800E07029 /* Project object */;
			proxyType = 1;
			remoteGlobalIDString = 4B9AFDF32034D43800E07029;
			remoteInfo = TestApp;
		};
		4B9AFE142034D43800E07029 /* PBXContainerItemProxy */ = {
			isa = PBXContainerItemProxy;
			containerPortal = 4B9AFDEC2034D43800E07029 /* Project object */;
			proxyType = 1;
			remoteGlobalIDString = 4B9AFDF32034D43800E07029;
			remoteInfo = TestApp;
		};
/* End PBXContainerItemProxy section */

/* Begin PBXCopyFilesBuildPhase section */
		4B9AFE2A2034D71F00E07029 /* Embed Frameworks */ = {
			isa = PBXCopyFilesBuildPhase;
			buildActionMask = 2147483647;
			dstPath = "";
			dstSubfolderSpec = 10;
			files = (
				4B9AFE372034DEC200E07029 /* SwiftyJSON.framework in Embed Frameworks */,
				4B9AFE292034D71F00E07029 /* Alamofire.framework in Embed Frameworks */,
			);
			name = "Embed Frameworks";
			runOnlyForDeploymentPostprocessing = 0;
		};
/* End PBXCopyFilesBuildPhase section */

/* Begin PBXFileReference section */
		4B9AFDF42034D43800E07029 /* TestApp.app */ = {isa = PBXFileReference; explicitFileType = wrapper.application; includeInIndex = 0; path = TestApp.app; sourceTree = BUILT_PRODUCTS_DIR; };
		4B9AFDF72034D43800E07029 /* AppDelegate.swift */ = {isa = PBXFileReference; lastKnownFileType = sourcecode.swift; path = AppDelegate.swift; sourceTree = "<group>"; };
		4B9AFDF92034D43800E07029 /* ViewController.swift */ = {isa = PBXFileReference; lastKnownFileType = sourcecode.swift; path = ViewController.swift; sourceTree = "<group>"; };
		4B9AFDFC2034D43800E07029 /* Base */ = {isa = PBXFileReference; lastKnownFileType = file.storyboard; name = Base; path = Base.lproj/Main.storyboard; sourceTree = "<group>"; };
		4B9AFDFE2034D43800E07029 /* Assets.xcassets */ = {isa = PBXFileReference; lastKnownFileType = folder.assetcatalog; path = Assets.xcassets; sourceTree = "<group>"; };
		4B9AFE012034D43800E07029 /* Base */ = {isa = PBXFileReference; lastKnownFileType = file.storyboard; name = Base; path = Base.lproj/LaunchScreen.storyboard; sourceTree = "<group>"; };
		4B9AFE032034D43800E07029 /* Info.plist */ = {isa = PBXFileReference; lastKnownFileType = text.plist.xml; path = Info.plist; sourceTree = "<group>"; };
		4B9AFE082034D43800E07029 /* TestAppTests.xctest */ = {isa = PBXFileReference; explicitFileType = wrapper.cfbundle; includeInIndex = 0; path = TestAppTests.xctest; sourceTree = BUILT_PRODUCTS_DIR; };
		4B9AFE0C2034D43800E07029 /* TestAppTests.swift */ = {isa = PBXFileReference; lastKnownFileType = sourcecode.swift; path = TestAppTests.swift; sourceTree = "<group>"; };
		4B9AFE0E2034D43800E07029 /* Info.plist */ = {isa = PBXFileReference; lastKnownFileType = text.plist.xml; path = Info.plist; sourceTree = "<group>"; };
		4B9AFE132034D43800E07029 /* TestAppUITests.xctest */ = {isa = PBXFileReference; explicitFileType = wrapper.cfbundle; includeInIndex = 0; path = TestAppUITests.xctest; sourceTree = BUILT_PRODUCTS_DIR; };
		4B9AFE172034D43800E07029 /* TestAppUITests.swift */ = {isa = PBXFileReference; lastKnownFileType = sourcecode.swift; path = TestAppUITests.swift; sourceTree = "<group>"; };
		4B9AFE192034D43800E07029 /* Info.plist */ = {isa = PBXFileReference; lastKnownFileType = text.plist.xml; path = Info.plist; sourceTree = "<group>"; };
		4B9AFE252034D48000E07029 /* Network.swift */ = {isa = PBXFileReference; lastKnownFileType = sourcecode.swift; path = Network.swift; sourceTree = "<group>"; };
		4B9AFE272034D71F00E07029 /* Alamofire.framework */ = {isa = PBXFileReference; lastKnownFileType = wrapper.framework; name = Alamofire.framework; path = Carthage/Build/iOS/Alamofire.framework; sourceTree = "<group>"; };
		4B9AFE2B2034D95100E07029 /* User.swift */ = {isa = PBXFileReference; lastKnownFileType = sourcecode.swift; path = User.swift; sourceTree = "<group>"; };
		4B9AFE2D2034DBB700E07029 /* UserTarget.swift */ = {isa = PBXFileReference; lastKnownFileType = sourcecode.swift; path = UserTarget.swift; sourceTree = "<group>"; };
		4B9AFE2F2034DE4300E07029 /* Target.swift */ = {isa = PBXFileReference; lastKnownFileType = sourcecode.swift; path = Target.swift; sourceTree = "<group>"; };
		4B9AFE352034DEC200E07029 /* SwiftyJSON.framework */ = {isa = PBXFileReference; lastKnownFileType = wrapper.framework; name = SwiftyJSON.framework; path = Carthage/Build/iOS/SwiftyJSON.framework; sourceTree = "<group>"; };
/* End PBXFileReference section */

/* Begin PBXFrameworksBuildPhase section */
		4B9AFDF12034D43800E07029 /* Frameworks */ = {
			isa = PBXFrameworksBuildPhase;
			buildActionMask = 2147483647;
			files = (
				4B9AFE362034DEC200E07029 /* SwiftyJSON.framework in Frameworks */,
				4B9AFE282034D71F00E07029 /* Alamofire.framework in Frameworks */,
			);
			runOnlyForDeploymentPostprocessing = 0;
		};
		4B9AFE052034D43800E07029 /* Frameworks */ = {
			isa = PBXFrameworksBuildPhase;
			buildActionMask = 2147483647;
			files = (
			);
			runOnlyForDeploymentPostprocessing = 0;
		};
		4B9AFE102034D43800E07029 /* Frameworks */ = {
			isa = PBXFrameworksBuildPhase;
			buildActionMask = 2147483647;
			files = (
			);
			runOnlyForDeploymentPostprocessing = 0;
		};
/* End PBXFrameworksBuildPhase section */

/* Begin PBXGroup section */
		4B9AFDEB2034D43800E07029 = {
			isa = PBXGroup;
			children = (
				4B9AFE352034DEC200E07029 /* SwiftyJSON.framework */,
				4B9AFE272034D71F00E07029 /* Alamofire.framework */,
				4B9AFDF62034D43800E07029 /* TestApp */,
				4B9AFE0B2034D43800E07029 /* TestAppTests */,
				4B9AFE162034D43800E07029 /* TestAppUITests */,
				4B9AFDF52034D43800E07029 /* Products */,
			);
			sourceTree = "<group>";
		};
		4B9AFDF52034D43800E07029 /* Products */ = {
			isa = PBXGroup;
			children = (
				4B9AFDF42034D43800E07029 /* TestApp.app */,
				4B9AFE082034D43800E07029 /* TestAppTests.xctest */,
				4B9AFE132034D43800E07029 /* TestAppUITests.xctest */,
			);
			name = Products;
			sourceTree = "<group>";
		};
		4B9AFDF62034D43800E07029 /* TestApp */ = {
			isa = PBXGroup;
			children = (
				4B9AFE332034DE7D00E07029 /* App */,
				4B9AFE322034DE6100E07029 /* Models */,
				4B9AFE312034DE5900E07029 /* Network */,
				4B9AFE342034DE9B00E07029 /* View */,
			);
			path = TestApp;
			sourceTree = "<group>";
		};
		4B9AFE0B2034D43800E07029 /* TestAppTests */ = {
			isa = PBXGroup;
			children = (
				4B9AFE0C2034D43800E07029 /* TestAppTests.swift */,
				4B9AFE0E2034D43800E07029 /* Info.plist */,
			);
			path = TestAppTests;
			sourceTree = "<group>";
		};
		4B9AFE162034D43800E07029 /* TestAppUITests */ = {
			isa = PBXGroup;
			children = (
				4B9AFE172034D43800E07029 /* TestAppUITests.swift */,
				4B9AFE192034D43800E07029 /* Info.plist */,
			);
			path = TestAppUITests;
			sourceTree = "<group>";
		};
		4B9AFE312034DE5900E07029 /* Network */ = {
			isa = PBXGroup;
			children = (
				4B9AFE252034D48000E07029 /* Network.swift */,
				4B9AFE2F2034DE4300E07029 /* Target.swift */,
			);
			path = Network;
			sourceTree = "<group>";
		};
		4B9AFE322034DE6100E07029 /* Models */ = {
			isa = PBXGroup;
			children = (
				4B9AFE2B2034D95100E07029 /* User.swift */,
				4B9AFE2D2034DBB700E07029 /* UserTarget.swift */,
			);
			path = Models;
			sourceTree = "<group>";
		};
		4B9AFE332034DE7D00E07029 /* App */ = {
			isa = PBXGroup;
			children = (
				4B9AFDF72034D43800E07029 /* AppDelegate.swift */,
				4B9AFDFE2034D43800E07029 /* Assets.xcassets */,
				4B9AFE002034D43800E07029 /* LaunchScreen.storyboard */,
				4B9AFE032034D43800E07029 /* Info.plist */,
			);
			path = App;
			sourceTree = "<group>";
		};
		4B9AFE342034DE9B00E07029 /* View */ = {
			isa = PBXGroup;
			children = (
				4B9AFDF92034D43800E07029 /* ViewController.swift */,
				4B9AFDFB2034D43800E07029 /* Main.storyboard */,
			);
			path = View;
			sourceTree = "<group>";
		};
/* End PBXGroup section */

/* Begin PBXNativeTarget section */
		4B9AFDF32034D43800E07029 /* TestApp */ = {
			isa = PBXNativeTarget;
			buildConfigurationList = 4B9AFE1C2034D43800E07029 /* Build configuration list for PBXNativeTarget "TestApp" */;
			buildPhases = (
				4B9AFDF02034D43800E07029 /* Sources */,
				4B9AFDF12034D43800E07029 /* Frameworks */,
				4B9AFDF22034D43800E07029 /* Resources */,
				4B9AFE2A2034D71F00E07029 /* Embed Frameworks */,
			);
			buildRules = (
			);
			dependencies = (
			);
			name = TestApp;
			productName = TestApp;
			productReference = 4B9AFDF42034D43800E07029 /* TestApp.app */;
			productType = "com.apple.product-type.application";
		};
		4B9AFE072034D43800E07029 /* TestAppTests */ = {
			isa = PBXNativeTarget;
			buildConfigurationList = 4B9AFE1F2034D43800E07029 /* Build configuration list for PBXNativeTarget "TestAppTests" */;
			buildPhases = (
				4B9AFE042034D43800E07029 /* Sources */,
				4B9AFE052034D43800E07029 /* Frameworks */,
				4B9AFE062034D43800E07029 /* Resources */,
			);
			buildRules = (
			);
			dependencies = (
				4B9AFE0A2034D43800E07029 /* PBXTargetDependency */,
			);
			name = TestAppTests;
			productName = TestAppTests;
			productReference = 4B9AFE082034D43800E07029 /* TestAppTests.xctest */;
			productType = "com.apple.product-type.bundle.unit-test";
		};
		4B9AFE122034D43800E07029 /* TestAppUITests */ = {
			isa = PBXNativeTarget;
			buildConfigurationList = 4B9AFE222034D43800E07029 /* Build configuration list for PBXNativeTarget "TestAppUITests" */;
			buildPhases = (
				4B9AFE0F2034D43800E07029 /* Sources */,
				4B9AFE102034D43800E07029 /* Frameworks */,
				4B9AFE112034D43800E07029 /* Resources */,
			);
			buildRules = (
			);
			dependencies = (
				4B9AFE152034D43800E07029 /* PBXTargetDependency */,
			);
			name = TestAppUITests;
			productName = TestAppUITests;
			productReference = 4B9AFE132034D43800E07029 /* TestAppUITests.xctest */;
			productType = "com.apple.product-type.bundle.ui-testing";
		};
/* End PBXNativeTarget section */

/* Begin PBXProject section */
		4B9AFDEC2034D43800E07029 /* Project object */ = {
			isa = PBXProject;
			attributes = {
				LastSwiftUpdateCheck = 0920;
				LastUpgradeCheck = 0920;
				ORGANIZATIONNAME = "Kaleb Riley";
				TargetAttributes = {
					4B9AFDF32034D43800E07029 = {
						CreatedOnToolsVersion = 9.2;
						ProvisioningStyle = Automatic;
					};
					4B9AFE072034D43800E07029 = {
						CreatedOnToolsVersion = 9.2;
						ProvisioningStyle = Automatic;
						TestTargetID = 4B9AFDF32034D43800E07029;
					};
					4B9AFE122034D43800E07029 = {
						CreatedOnToolsVersion = 9.2;
						ProvisioningStyle = Automatic;
						TestTargetID = 4B9AFDF32034D43800E07029;
					};
				};
			};
			buildConfigurationList = 4B9AFDEF2034D43800E07029 /* Build configuration list for PBXProject "TestApp" */;
			compatibilityVersion = "Xcode 8.0";
			developmentRegion = en;
			hasScannedForEncodings = 0;
			knownRegions = (
				en,
				Base,
			);
			mainGroup = 4B9AFDEB2034D43800E07029;
			productRefGroup = 4B9AFDF52034D43800E07029 /* Products */;
			projectDirPath = "";
			projectRoot = "";
			targets = (
				4B9AFDF32034D43800E07029 /* TestApp */,
				4B9AFE072034D43800E07029 /* TestAppTests */,
				4B9AFE122034D43800E07029 /* TestAppUITests */,
			);
		};
/* End PBXProject section */

/* Begin PBXResourcesBuildPhase section */
		4B9AFDF22034D43800E07029 /* Resources */ = {
			isa = PBXResourcesBuildPhase;
			buildActionMask = 2147483647;
			files = (
				4B9AFE022034D43800E07029 /* LaunchScreen.storyboard in Resources */,
				4B9AFDFF2034D43800E07029 /* Assets.xcassets in Resources */,
				4B9AFDFD2034D43800E07029 /* Main.storyboard in Resources */,
			);
			runOnlyForDeploymentPostprocessing = 0;
		};
		4B9AFE062034D43800E07029 /* Resources */ = {
			isa = PBXResourcesBuildPhase;
			buildActionMask = 2147483647;
			files = (
			);
			runOnlyForDeploymentPostprocessing = 0;
		};
		4B9AFE112034D43800E07029 /* Resources */ = {
			isa = PBXResourcesBuildPhase;
			buildActionMask = 2147483647;
			files = (
			);
			runOnlyForDeploymentPostprocessing = 0;
		};
/* End PBXResourcesBuildPhase section */

/* Begin PBXSourcesBuildPhase section */
		4B9AFDF02034D43800E07029 /* Sources */ = {
			isa = PBXSourcesBuildPhase;
			buildActionMask = 2147483647;
			files = (
				4B9AFE302034DE4300E07029 /* Target.swift in Sources */,
				4B9AFE2C2034D95100E07029 /* User.swift in Sources */,
				4B9AFDFA2034D43800E07029 /* ViewController.swift in Sources */,
				4B9AFDF82034D43800E07029 /* AppDelegate.swift in Sources */,
				4B9AFE2E2034DBB700E07029 /* UserTarget.swift in Sources */,
				4B9AFE262034D48000E07029 /* Network.swift in Sources */,
			);
			runOnlyForDeploymentPostprocessing = 0;
		};
		4B9AFE042034D43800E07029 /* Sources */ = {
			isa = PBXSourcesBuildPhase;
			buildActionMask = 2147483647;
			files = (
				4B9AFE0D2034D43800E07029 /* TestAppTests.swift in Sources */,
			);
			runOnlyForDeploymentPostprocessing = 0;
		};
		4B9AFE0F2034D43800E07029 /* Sources */ = {
			isa = PBXSourcesBuildPhase;
			buildActionMask = 2147483647;
			files = (
				4B9AFE182034D43800E07029 /* TestAppUITests.swift in Sources */,
			);
			runOnlyForDeploymentPostprocessing = 0;
		};
/* End PBXSourcesBuildPhase section */

/* Begin PBXTargetDependency section */
		4B9AFE0A2034D43800E07029 /* PBXTargetDependency */ = {
			isa = PBXTargetDependency;
			target = 4B9AFDF32034D43800E07029 /* TestApp */;
			targetProxy = 4B9AFE092034D43800E07029 /* PBXContainerItemProxy */;
		};
		4B9AFE152034D43800E07029 /* PBXTargetDependency */ = {
			isa = PBXTargetDependency;
			target = 4B9AFDF32034D43800E07029 /* TestApp */;
			targetProxy = 4B9AFE142034D43800E07029 /* PBXContainerItemProxy */;
		};
/* End PBXTargetDependency section */

/* Begin PBXVariantGroup section */
		4B9AFDFB2034D43800E07029 /* Main.storyboard */ = {
			isa = PBXVariantGroup;
			children = (
				4B9AFDFC2034D43800E07029 /* Base */,
			);
			name = Main.storyboard;
			sourceTree = "<group>";
		};
		4B9AFE002034D43800E07029 /* LaunchScreen.storyboard */ = {
			isa = PBXVariantGroup;
			children = (
				4B9AFE012034D43800E07029 /* Base */,
			);
			name = LaunchScreen.storyboard;
			sourceTree = "<group>";
		};
/* End PBXVariantGroup section */

/* Begin XCBuildConfiguration section */
		4B9AFE1A2034D43800E07029 /* Debug */ = {
			isa = XCBuildConfiguration;
			buildSettings = {
				ALWAYS_SEARCH_USER_PATHS = NO;
				CLANG_ANALYZER_NONNULL = YES;
				CLANG_ANALYZER_NUMBER_OBJECT_CONVERSION = YES_AGGRESSIVE;
				CLANG_CXX_LANGUAGE_STANDARD = "gnu++14";
				CLANG_CXX_LIBRARY = "libc++";
				CLANG_ENABLE_MODULES = YES;
				CLANG_ENABLE_OBJC_ARC = YES;
				CLANG_WARN_BLOCK_CAPTURE_AUTORELEASING = YES;
				CLANG_WARN_BOOL_CONVERSION = YES;
				CLANG_WARN_COMMA = YES;
				CLANG_WARN_CONSTANT_CONVERSION = YES;
				CLANG_WARN_DIRECT_OBJC_ISA_USAGE = YES_ERROR;
				CLANG_WARN_DOCUMENTATION_COMMENTS = YES;
				CLANG_WARN_EMPTY_BODY = YES;
				CLANG_WARN_ENUM_CONVERSION = YES;
				CLANG_WARN_INFINITE_RECURSION = YES;
				CLANG_WARN_INT_CONVERSION = YES;
				CLANG_WARN_NON_LITERAL_NULL_CONVERSION = YES;
				CLANG_WARN_OBJC_LITERAL_CONVERSION = YES;
				CLANG_WARN_OBJC_ROOT_CLASS = YES_ERROR;
				CLANG_WARN_RANGE_LOOP_ANALYSIS = YES;
				CLANG_WARN_STRICT_PROTOTYPES = YES;
				CLANG_WARN_SUSPICIOUS_MOVE = YES;
				CLANG_WARN_UNGUARDED_AVAILABILITY = YES_AGGRESSIVE;
				CLANG_WARN_UNREACHABLE_CODE = YES;
				CLANG_WARN__DUPLICATE_METHOD_MATCH = YES;
				CODE_SIGN_IDENTITY = "iPhone Developer";
				COPY_PHASE_STRIP = NO;
				DEBUG_INFORMATION_FORMAT = dwarf;
				ENABLE_STRICT_OBJC_MSGSEND = YES;
				ENABLE_TESTABILITY = YES;
				GCC_C_LANGUAGE_STANDARD = gnu11;
				GCC_DYNAMIC_NO_PIC = NO;
				GCC_NO_COMMON_BLOCKS = YES;
				GCC_OPTIMIZATION_LEVEL = 0;
				GCC_PREPROCESSOR_DEFINITIONS = (
					"DEBUG=1",
					"$(inherited)",
				);
				GCC_WARN_64_TO_32_BIT_CONVERSION = YES;
				GCC_WARN_ABOUT_RETURN_TYPE = YES_ERROR;
				GCC_WARN_UNDECLARED_SELECTOR = YES;
				GCC_WARN_UNINITIALIZED_AUTOS = YES_AGGRESSIVE;
				GCC_WARN_UNUSED_FUNCTION = YES;
				GCC_WARN_UNUSED_VARIABLE = YES;
				IPHONEOS_DEPLOYMENT_TARGET = 11.2;
				MTL_ENABLE_DEBUG_INFO = YES;
				ONLY_ACTIVE_ARCH = YES;
				SDKROOT = iphoneos;
				SWIFT_ACTIVE_COMPILATION_CONDITIONS = DEBUG;
				SWIFT_OPTIMIZATION_LEVEL = "-Onone";
			};
			name = Debug;
		};
		4B9AFE1B2034D43800E07029 /* Release */ = {
			isa = XCBuildConfiguration;
			buildSettings = {
				ALWAYS_SEARCH_USER_PATHS = NO;
				CLANG_ANALYZER_NONNULL = YES;
				CLANG_ANALYZER_NUMBER_OBJECT_CONVERSION = YES_AGGRESSIVE;
				CLANG_CXX_LANGUAGE_STANDARD = "gnu++14";
				CLANG_CXX_LIBRARY = "libc++";
				CLANG_ENABLE_MODULES = YES;
				CLANG_ENABLE_OBJC_ARC = YES;
				CLANG_WARN_BLOCK_CAPTURE_AUTORELEASING = YES;
				CLANG_WARN_BOOL_CONVERSION = YES;
				CLANG_WARN_COMMA = YES;
				CLANG_WARN_CONSTANT_CONVERSION = YES;
				CLANG_WARN_DIRECT_OBJC_ISA_USAGE = YES_ERROR;
				CLANG_WARN_DOCUMENTATION_COMMENTS = YES;
				CLANG_WARN_EMPTY_BODY = YES;
				CLANG_WARN_ENUM_CONVERSION = YES;
				CLANG_WARN_INFINITE_RECURSION = YES;
				CLANG_WARN_INT_CONVERSION = YES;
				CLANG_WARN_NON_LITERAL_NULL_CONVERSION = YES;
				CLANG_WARN_OBJC_LITERAL_CONVERSION = YES;
				CLANG_WARN_OBJC_ROOT_CLASS = YES_ERROR;
				CLANG_WARN_RANGE_LOOP_ANALYSIS = YES;
				CLANG_WARN_STRICT_PROTOTYPES = YES;
				CLANG_WARN_SUSPICIOUS_MOVE = YES;
				CLANG_WARN_UNGUARDED_AVAILABILITY = YES_AGGRESSIVE;
				CLANG_WARN_UNREACHABLE_CODE = YES;
				CLANG_WARN__DUPLICATE_METHOD_MATCH = YES;
				CODE_SIGN_IDENTITY = "iPhone Developer";
				COPY_PHASE_STRIP = NO;
				DEBUG_INFORMATION_FORMAT = "dwarf-with-dsym";
				ENABLE_NS_ASSERTIONS = NO;
				ENABLE_STRICT_OBJC_MSGSEND = YES;
				GCC_C_LANGUAGE_STANDARD = gnu11;
				GCC_NO_COMMON_BLOCKS = YES;
				GCC_WARN_64_TO_32_BIT_CONVERSION = YES;
				GCC_WARN_ABOUT_RETURN_TYPE = YES_ERROR;
				GCC_WARN_UNDECLARED_SELECTOR = YES;
				GCC_WARN_UNINITIALIZED_AUTOS = YES_AGGRESSIVE;
				GCC_WARN_UNUSED_FUNCTION = YES;
				GCC_WARN_UNUSED_VARIABLE = YES;
				IPHONEOS_DEPLOYMENT_TARGET = 11.2;
				MTL_ENABLE_DEBUG_INFO = NO;
				SDKROOT = iphoneos;
				SWIFT_OPTIMIZATION_LEVEL = "-Owholemodule";
				VALIDATE_PRODUCT = YES;
			};
			name = Release;
		};
		4B9AFE1D2034D43800E07029 /* Debug */ = {
			isa = XCBuildConfiguration;
			buildSettings = {
				ASSETCATALOG_COMPILER_APPICON_NAME = AppIcon;
				CODE_SIGN_STYLE = Automatic;
				DEVELOPMENT_TEAM = BFKF2EE8PE;
				FRAMEWORK_SEARCH_PATHS = (
					"$(inherited)",
					"$(PROJECT_DIR)/Carthage/Build/iOS",
				);
				INFOPLIST_FILE = "$(SRCROOT)/TestApp/App/Info.plist";
				LD_RUNPATH_SEARCH_PATHS = "$(inherited) @executable_path/Frameworks";
				PRODUCT_BUNDLE_IDENTIFIER = com.kaleb.TestApp;
				PRODUCT_NAME = "$(TARGET_NAME)";
				SWIFT_VERSION = 4.0;
				TARGETED_DEVICE_FAMILY = "1,2";
			};
			name = Debug;
		};
		4B9AFE1E2034D43800E07029 /* Release */ = {
			isa = XCBuildConfiguration;
			buildSettings = {
				ASSETCATALOG_COMPILER_APPICON_NAME = AppIcon;
				CODE_SIGN_STYLE = Automatic;
				DEVELOPMENT_TEAM = BFKF2EE8PE;
				FRAMEWORK_SEARCH_PATHS = (
					"$(inherited)",
					"$(PROJECT_DIR)/Carthage/Build/iOS",
				);
				INFOPLIST_FILE = "$(SRCROOT)/TestApp/App/Info.plist";
				LD_RUNPATH_SEARCH_PATHS = "$(inherited) @executable_path/Frameworks";
				PRODUCT_BUNDLE_IDENTIFIER = com.kaleb.TestApp;
				PRODUCT_NAME = "$(TARGET_NAME)";
				SWIFT_VERSION = 4.0;
				TARGETED_DEVICE_FAMILY = "1,2";
			};
			name = Release;
		};
		4B9AFE202034D43800E07029 /* Debug */ = {
			isa = XCBuildConfiguration;
			buildSettings = {
				ALWAYS_EMBED_SWIFT_STANDARD_LIBRARIES = YES;
				BUNDLE_LOADER = "$(TEST_HOST)";
				CODE_SIGN_STYLE = Automatic;
				DEVELOPMENT_TEAM = BFKF2EE8PE;
				INFOPLIST_FILE = TestAppTests/Info.plist;
				LD_RUNPATH_SEARCH_PATHS = "$(inherited) @executable_path/Frameworks @loader_path/Frameworks";
				PRODUCT_BUNDLE_IDENTIFIER = com.kaleb.TestAppTests;
				PRODUCT_NAME = "$(TARGET_NAME)";
				SWIFT_VERSION = 4.0;
				TARGETED_DEVICE_FAMILY = "1,2";
				TEST_HOST = "$(BUILT_PRODUCTS_DIR)/TestApp.app/TestApp";
			};
			name = Debug;
		};
		4B9AFE212034D43800E07029 /* Release */ = {
			isa = XCBuildConfiguration;
			buildSettings = {
				ALWAYS_EMBED_SWIFT_STANDARD_LIBRARIES = YES;
				BUNDLE_LOADER = "$(TEST_HOST)";
				CODE_SIGN_STYLE = Automatic;
				DEVELOPMENT_TEAM = BFKF2EE8PE;
				INFOPLIST_FILE = TestAppTests/Info.plist;
				LD_RUNPATH_SEARCH_PATHS = "$(inherited) @executable_path/Frameworks @loader_path/Frameworks";
				PRODUCT_BUNDLE_IDENTIFIER = com.kaleb.TestAppTests;
				PRODUCT_NAME = "$(TARGET_NAME)";
				SWIFT_VERSION = 4.0;
				TARGETED_DEVICE_FAMILY = "1,2";
				TEST_HOST = "$(BUILT_PRODUCTS_DIR)/TestApp.app/TestApp";
			};
			name = Release;
		};
		4B9AFE232034D43800E07029 /* Debug */ = {
			isa = XCBuildConfiguration;
			buildSettings = {
				ALWAYS_EMBED_SWIFT_STANDARD_LIBRARIES = YES;
				CODE_SIGN_STYLE = Automatic;
				DEVELOPMENT_TEAM = BFKF2EE8PE;
				INFOPLIST_FILE = TestAppUITests/Info.plist;
				LD_RUNPATH_SEARCH_PATHS = "$(inherited) @executable_path/Frameworks @loader_path/Frameworks";
				PRODUCT_BUNDLE_IDENTIFIER = com.kaleb.TestAppUITests;
				PRODUCT_NAME = "$(TARGET_NAME)";
				SWIFT_VERSION = 4.0;
				TARGETED_DEVICE_FAMILY = "1,2";
				TEST_TARGET_NAME = TestApp;
			};
			name = Debug;
		};
		4B9AFE242034D43800E07029 /* Release */ = {
			isa = XCBuildConfiguration;
			buildSettings = {
				ALWAYS_EMBED_SWIFT_STANDARD_LIBRARIES = YES;
				CODE_SIGN_STYLE = Automatic;
				DEVELOPMENT_TEAM = BFKF2EE8PE;
				INFOPLIST_FILE = TestAppUITests/Info.plist;
				LD_RUNPATH_SEARCH_PATHS = "$(inherited) @executable_path/Frameworks @loader_path/Frameworks";
				PRODUCT_BUNDLE_IDENTIFIER = com.kaleb.TestAppUITests;
				PRODUCT_NAME = "$(TARGET_NAME)";
				SWIFT_VERSION = 4.0;
				TARGETED_DEVICE_FAMILY = "1,2";
				TEST_TARGET_NAME = TestApp;
			};
			name = Release;
		};
/* End XCBuildConfiguration section */

/* Begin XCConfigurationList section */
		4B9AFDEF2034D43800E07029 /* Build configuration list for PBXProject "TestApp" */ = {
			isa = XCConfigurationList;
			buildConfigurations = (
				4B9AFE1A2034D43800E07029 /* Debug */,
				4B9AFE1B2034D43800E07029 /* Release */,
			);
			defaultConfigurationIsVisible = 0;
			defaultConfigurationName = Release;
		};
		4B9AFE1C2034D43800E07029 /* Build configuration list for PBXNativeTarget "TestApp" */ = {
			isa = XCConfigurationList;
			buildConfigurations = (
				4B9AFE1D2034D43800E07029 /* Debug */,
				4B9AFE1E2034D43800E07029 /* Release */,
			);
			defaultConfigurationIsVisible = 0;
			defaultConfigurationName = Release;
		};
		4B9AFE1F2034D43800E07029 /* Build configuration list for PBXNativeTarget "TestAppTests" */ = {
			isa = XCConfigurationList;
			buildConfigurations = (
				4B9AFE202034D43800E07029 /* Debug */,
				4B9AFE212034D43800E07029 /* Release */,
			);
			defaultConfigurationIsVisible = 0;
			defaultConfigurationName = Release;
		};
		4B9AFE222034D43800E07029 /* Build configuration list for PBXNativeTarget "TestAppUITests" */ = {
			isa = XCConfigurationList;
			buildConfigurations = (
				4B9AFE232034D43800E07029 /* Debug */,
				4B9AFE242034D43800E07029 /* Release */,
			);
			defaultConfigurationIsVisible = 0;
			defaultConfigurationName = Release;
		};
/* End XCConfigurationList section */
	};
	rootObject = 4B9AFDEC2034D43800E07029 /* Project object */;
}
